# THIS IS AN AUTOGENERATED FILE. DO NOT EDIT THIS FILE DIRECTLY.
# yarn lockfile v1


a-sync-waterfall@^1.0.0:
  version "1.0.1"
  resolved "https://registry.yarnpkg.com/a-sync-waterfall/-/a-sync-waterfall-1.0.1.tgz#75b6b6aa72598b497a125e7a2770f14f4c8a1fa7"
  integrity sha512-RYTOHHdWipFUliRFMCS4X2Yn2X8M87V/OpSqWzKKOGhzqyUxzyVmhHDH9sAvG+ZuQf/TAOFsLCpMw09I1ufUnA==

argparse@^2.0.1:
  version "2.0.1"
  resolved "https://registry.yarnpkg.com/argparse/-/argparse-2.0.1.tgz#246f50f3ca78a3240f6c997e8a9bd1eac49e4b38"
  integrity sha512-8+9WqebbFzpX9OR+Wa6O29asIogeRMzcGtAINdpMHHyAg10f05aSFVBbcEqGf/PXw1EjAZ+q2/bEBg3DvurK3Q==

asap@^2.0.3:
  version "2.0.6"
  resolved "https://registry.yarnpkg.com/asap/-/asap-2.0.6.tgz#e50347611d7e690943208bbdafebcbc2fb866d46"
  integrity sha512-BSHWgDSAiKs50o2Re8ppvp3seVHXSRM44cdSsT9FfNEUUZLOGWVCsiWaRPWM1Znn+mqZ1OfVZ3z3DWEzSp7hRA==

balanced-match@^1.0.0:
  version "1.0.2"
  resolved "https://registry.yarnpkg.com/balanced-match/-/balanced-match-1.0.2.tgz#e83e3a7e3f300b34cb9d87f615fa0cbf357690ee"
  integrity sha512-3oSeUO0TMV67hN1AmbXsK4yaqU7tjiHlbxRDZOpH0KW9+CeX4bRAaX0Anxt0tx2MrpRpWwQaPwIlISEJhYU5Pw==

brace-expansion@^2.0.1:
  version "2.0.1"
  resolved "https://registry.yarnpkg.com/brace-expansion/-/brace-expansion-2.0.1.tgz#1edc459e0f0c548486ecf9fc99f2221364b9a0ae"
  integrity sha512-XnAIvQ8eM+kC6aULx6wuQiwVsnzsi9d3WxzV3FpWTGA19F621kwdbsAcFKXgKUHZWsy+mY6iL1sHTxWEFCytDA==
  dependencies:
    balanced-match "^1.0.0"

commander@^10.0.0:
  version "10.0.0"
  resolved "https://registry.yarnpkg.com/commander/-/commander-10.0.0.tgz#71797971162cd3cf65f0b9d24eb28f8d303acdf1"
  integrity sha512-zS5PnTI22FIRM6ylNW8G4Ap0IEOyk62fhLSD0+uHRT9McRCLGpkVNvao4bjimpK/GShynyQkFFxHhwMcETmduA==

commander@^5.1.0:
  version "5.1.0"
  resolved "https://registry.yarnpkg.com/commander/-/commander-5.1.0.tgz#46abbd1652f8e059bddaef99bbdcb2ad9cf179ae"
  integrity sha512-P0CysNDQ7rtVw4QIQtm+MRxV66vKFSvlsQvGYXZWR3qFU0jlMKHZZZgw8e+8DSah4UDKMqnknRDQz+xuQXQ/Zg==

fs.realpath@^1.0.0:
  version "1.0.0"
  resolved "https://registry.yarnpkg.com/fs.realpath/-/fs.realpath-1.0.0.tgz#1504ad2523158caa40db4a2787cb01411994ea4f"
  integrity sha512-OO0pH2lK6a0hZnAdau5ItzHPI6pUlvI7jMVnxUQRtw4owF2wk8lOSabtGDCTP4Ggrg2MbGnWO9X8K1t4+fGMDw==

glob@^9.0.1:
  version "9.0.1"
  resolved "https://registry.yarnpkg.com/glob/-/glob-9.0.1.tgz#4f2c8a645659d81177bcf792761b52862696ca4e"
  integrity sha512-psRdn8MI0gRcH0xow0VOhYxXD/6ZaRGmgtfN0oWN/hCgjxpRQBMCl7wE4JRJSAUTdJsW+FmD0EtE0CgJhKqSVw==
  dependencies:
    fs.realpath "^1.0.0"
    minimatch "^7.3.0"
    minipass "^4.2.4"
    path-scurry "^1.5.0"

js-yaml@^4.1.0:
  version "4.1.0"
  resolved "https://registry.yarnpkg.com/js-yaml/-/js-yaml-4.1.0.tgz#c1fb65f8f5017901cdd2c951864ba18458a10602"
  integrity sha512-wpxZs9NoxZaJESJGIZTyDEaYpl0FKSA+FB9aJiyemKhMwkxQg63h4T1KJgUGHpTqPDNRcmmYLugrRjJlBtWvRA==
  dependencies:
    argparse "^2.0.1"

lodash@^4.17.21:
  version "4.17.21"
  resolved "https://registry.yarnpkg.com/lodash/-/lodash-4.17.21.tgz#679591c564c3bffaae8454cf0b3df370c3d6911c"
  integrity sha512-v2kDEe57lecTulaDIuNTPy3Ry4gLGJ6Z1O3vE1krgXZNrsQ+LFTGHVxVjcXPs17LhbZVGedAJv8XZ1tvj5FvSg==

lru-cache@^7.14.1:
  version "7.17.0"
  resolved "https://registry.yarnpkg.com/lru-cache/-/lru-cache-7.17.0.tgz#00c7ba5919e5ea7c69ff94ddabbf32cb09ab805c"
  integrity sha512-zSxlVVwOabhVyTi6E8gYv2cr6bXK+8ifYz5/uyJb9feXX6NACVDwY4p5Ut3WC3Ivo/QhpARHU3iujx2xGAYHbQ==

minimatch@^7.3.0:
  version "7.3.0"
  resolved "https://registry.yarnpkg.com/minimatch/-/minimatch-7.3.0.tgz#cfb7337e7460308e7147c58250fa0dee3da7929c"
  integrity sha512-WaMDuhKa7a6zKiwplR1AOz+zGvJba24k5VU1Cy6NhEguavT2YRlHxuINUgTas4wiS6fwBpYq4TcA1XIECSntyw==
  dependencies:
    brace-expansion "^2.0.1"

minipass@^4.0.2, minipass@^4.2.4:
  version "4.2.4"
  resolved "https://registry.yarnpkg.com/minipass/-/minipass-4.2.4.tgz#7d0d97434b6a19f59c5c3221698b48bbf3b2cd06"
  integrity sha512-lwycX3cBMTvcejsHITUgYj6Gy6A7Nh4Q6h9NP4sTHY1ccJlC7yKzDmiShEHsJ16Jf1nKGDEaiHxiltsJEvk0nQ==

nunjucks@^3.2.3:
  version "3.2.3"
  resolved "https://registry.yarnpkg.com/nunjucks/-/nunjucks-3.2.3.tgz#1b33615247290e94e28263b5d855ece765648a31"
  integrity sha512-psb6xjLj47+fE76JdZwskvwG4MYsQKXUtMsPh6U0YMvmyjRtKRFcxnlXGWglNybtNTNVmGdp94K62/+NjF5FDQ==
  dependencies:
    a-sync-waterfall "^1.0.0"
    asap "^2.0.3"
    commander "^5.1.0"

path-scurry@^1.5.0:
  version "1.5.0"
  resolved "https://registry.yarnpkg.com/path-scurry/-/path-scurry-1.5.0.tgz#ffc479e688064d16fc80fa8890389c56182c6463"
  integrity sha512-hJ8rODLI9B2qwsYAd32rrI76gwVUPeu5kq/do6URDj2bJCVH3ilyT978Mv/NLuFMaqzHrn3XtiDLMZHaTTh4vA==
  dependencies:
    lru-cache "^7.14.1"
    minipass "^4.0.2"

ramda@^0.28.0:
  version "0.28.0"
  resolved "https://registry.yarnpkg.com/ramda/-/ramda-0.28.0.tgz#acd785690100337e8b063cab3470019be427cc97"
  integrity sha512-9QnLuG/kPVgWvMQ4aODhsBUFKOUmnbUnsSXACv+NCQZcHbeb+v8Lodp8OVxtRULN1/xOyYLLaL6npE6dMq5QTA==

yarn-upgrade-all@^0.7.2:
  version "0.7.2"
  resolved "https://registry.yarnpkg.com/yarn-upgrade-all/-/yarn-upgrade-all-0.7.2.tgz#5d2afa9230661c55f22d3f848f22258db732ae20"
  integrity sha512-iVxmoBuNdpxeahAIehJ039Pp6S8zQ/qTENQRMV5hp7x/2tLGUzytCODIKZFjfUwcRRKT3boGgHheUEWC7+VlQw==
